
Microsoft Visual Studio Solution File, Format Version 12.00
# Visual Studio 15
VisualStudioVersion = 15.0.27004.2002
MinimumVisualStudioVersion = 10.0.40219.1
Project("{FAE04EC0-301F-11D3-BF4B-00C04F79EFBC}") = "Bluetooth.Android", "Bluetooth\Bluetooth.Android\Bluetooth.Android.csproj", "{632834AC-51AA-4C30-BD29-36AC3052081E}"
EndProject
Project("{FAE04EC0-301F-11D3-BF4B-00C04F79EFBC}") = "Bluetooth", "Bluetooth\Bluetooth\Bluetooth.csproj", "{16F48103-2DFB-4149-AFE5-210964C016BC}"
EndProject
Project("{FAE04EC0-301F-11D3-BF4B-00C04F79EFBC}") = "Bluetooth.iOS", "Bluetooth\Bluetooth.iOS\Bluetooth.iOS.csproj", "{1950B75F-4692-40C3-8DB0-7B9E878295C1}"
EndProject
Global
	GlobalSection(SolutionConfigurationPlatforms) = preSolution
		Ad-Hoc|Any CPU = Ad-Hoc|Any CPU
		Ad-Hoc|ARM = Ad-Hoc|ARM
		Ad-Hoc|iPhone = Ad-Hoc|iPhone
		Ad-Hoc|iPhoneSimulator = Ad-Hoc|iPhoneSimulator
		Ad-Hoc|x64 = Ad-Hoc|x64
		Ad-Hoc|x86 = Ad-Hoc|x86
		AppStore|Any CPU = AppStore|Any CPU
		AppStore|ARM = AppStore|ARM
		AppStore|iPhone = AppStore|iPhone
		AppStore|iPhoneSimulator = AppStore|iPhoneSimulator
		AppStore|x64 = AppStore|x64
		AppStore|x86 = AppStore|x86
		Debug|Any CPU = Debug|Any CPU
		Debug|ARM = Debug|ARM
		Debug|iPhone = Debug|iPhone
		Debug|iPhoneSimulator = Debug|iPhoneSimulator
		Debug|x64 = Debug|x64
		Debug|x86 = Debug|x86
		Release|Any CPU = Release|Any CPU
		Release|ARM = Release|ARM
		Release|iPhone = Release|iPhone
		Release|iPhoneSimulator = Release|iPhoneSimulator
		Release|x64 = Release|x64
		Release|x86 = Release|x86
	EndGlobalSection
	GlobalSection(ProjectConfigurationPlatforms) = postSolution
		{632834AC-51AA-4C30-BD29-36AC3052081E}.Ad-Hoc|Any CPU.ActiveCfg = Release|Any CPU
		{632834AC-51AA-4C30-BD29-36AC3052081E}.Ad-Hoc|Any CPU.Build.0 = Release|Any CPU
		{632834AC-51AA-4C30-BD29-36AC3052081E}.Ad-Hoc|Any CPU.Deploy.0 = Release|Any CPU
		{632834AC-51AA-4C30-BD29-36AC3052081E}.Ad-Hoc|ARM.ActiveCfg = Release|Any CPU
		{632834AC-51AA-4C30-BD29-36AC3052081E}.Ad-Hoc|ARM.Build.0 = Release|Any CPU
		{632834AC-51AA-4C30-BD29-36AC3052081E}.Ad-Hoc|ARM.Deploy.0 = Release|Any CPU
		{632834AC-51AA-4C30-BD29-36AC3052081E}.Ad-Hoc|iPhone.ActiveCfg = Release|Any CPU
		{632834AC-51AA-4C30-BD29-36AC3052081E}.Ad-Hoc|iPhone.Build.0 = Release|Any CPU
		{632834AC-51AA-4C30-BD29-36AC3052081E}.Ad-Hoc|iPhone.Deploy.0 = Release|Any CPU
		{632834AC-51AA-4C30-BD29-36AC3052081E}.Ad-Hoc|iPhoneSimulator.ActiveCfg = Release|Any CPU
		{632834AC-51AA-4C30-BD29-36AC3052081E}.Ad-Hoc|iPhoneSimulator.Build.0 = Release|Any CPU
		{632834AC-51AA-4C30-BD29-36AC3052081E}.Ad-Hoc|iPhoneSimulator.Deploy.0 = Release|Any CPU
		{632834AC-51AA-4C30-BD29-36AC3052081E}.Ad-Hoc|x64.ActiveCfg = Release|Any CPU
		{632834AC-51AA-4C30-BD29-36AC3052081E}.Ad-Hoc|x64.Build.0 = Release|Any CPU
		{632834AC-51AA-4C30-BD29-36AC3052081E}.Ad-Hoc|x64.Deploy.0 = Release|Any CPU
		{632834AC-51AA-4C30-BD29-36AC3052081E}.Ad-Hoc|x86.ActiveCfg = Release|Any CPU
		{632834AC-51AA-4C30-BD29-36AC3052081E}.Ad-Hoc|x86.Build.0 = Release|Any CPU
		{632834AC-51AA-4C30-BD29-36AC3052081E}.Ad-Hoc|x86.Deploy.0 = Release|Any CPU
		{632834AC-51AA-4C30-BD29-36AC3052081E}.AppStore|Any CPU.ActiveCfg = Release|Any CPU
		{632834AC-51AA-4C30-BD29-36AC3052081E}.AppStore|Any CPU.Build.0 = Release|Any CPU
		{632834AC-51AA-4C30-BD29-36AC3052081E}.AppStore|Any CPU.Deploy.0 = Release|Any CPU
		{632834AC-51AA-4C30-BD29-36AC3052081E}.AppStore|ARM.ActiveCfg = Release|Any CPU
		{632834AC-51AA-4C30-BD29-36AC3052081E}.AppStore|ARM.Build.0 = Release|Any CPU
		{632834AC-51AA-4C30-BD29-36AC3052081E}.AppStore|ARM.Deploy.0 = Release|Any CPU
		{632834AC-51AA-4C30-BD29-36AC3052081E}.AppStore|iPhone.ActiveCfg = Release|Any CPU
		{632834AC-51AA-4C30-BD29-36AC3052081E}.AppStore|iPhone.Build.0 = Release|Any CPU
		{632834AC-51AA-4C30-BD29-36AC3052081E}.AppStore|iPhone.Deploy.0 = Release|Any CPU
		{632834AC-51AA-4C30-BD29-36AC3052081E}.AppStore|iPhoneSimulator.ActiveCfg = Release|Any CPU
		{632834AC-51AA-4C30-BD29-36AC3052081E}.AppStore|iPhoneSimulator.Build.0 = Release|Any CPU
		{632834AC-51AA-4C30-BD29-36AC3052081E}.AppStore|iPhoneSimulator.Deploy.0 = Release|Any CPU
		{632834AC-51AA-4C30-BD29-36AC3052081E}.AppStore|x64.ActiveCfg = Release|Any CPU
		{632834AC-51AA-4C30-BD29-36AC3052081E}.AppStore|x64.Build.0 = Release|Any CPU
		{632834AC-51AA-4C30-BD29-36AC3052081E}.AppStore|x64.Deploy.0 = Release|Any CPU
		{632834AC-51AA-4C30-BD29-36AC3052081E}.AppStore|x86.ActiveCfg = Release|Any CPU
		{632834AC-51AA-4C30-BD29-36AC3052081E}.AppStore|x86.Build.0 = Release|Any CPU
		{632834AC-51AA-4C30-BD29-36AC3052081E}.AppStore|x86.Deploy.0 = Release|Any CPU
		{632834AC-51AA-4C30-BD29-36AC3052081E}.Debug|Any CPU.ActiveCfg = Debug|Any CPU
		{632834AC-51AA-4C30-BD29-36AC3052081E}.Debug|Any CPU.Build.0 = Debug|Any CPU
		{632834AC-51AA-4C30-BD29-36AC3052081E}.Debug|Any CPU.Deploy.0 = Debug|Any CPU
		{632834AC-51AA-4C30-BD29-36AC3052081E}.Debug|ARM.ActiveCfg = Debug|Any CPU
		{632834AC-51AA-4C30-BD29-36AC3052081E}.Debug|ARM.Build.0 = Debug|Any CPU
		{632834AC-51AA-4C30-BD29-36AC3052081E}.Debug|ARM.Deploy.0 = Debug|Any CPU
		{632834AC-51AA-4C30-BD29-36AC3052081E}.Debug|iPhone.ActiveCfg = Debug|Any CPU
		{632834AC-51AA-4C30-BD29-36AC3052081E}.Debug|iPhone.Build.0 = Debug|Any CPU
		{632834AC-51AA-4C30-BD29-36AC3052081E}.Debug|iPhone.Deploy.0 = Debug|Any CPU
		{632834AC-51AA-4C30-BD29-36AC3052081E}.Debug|iPhoneSimulator.ActiveCfg = Debug|Any CPU
		{632834AC-51AA-4C30-BD29-36AC3052081E}.Debug|iPhoneSimulator.Build.0 = Debug|Any CPU
		{632834AC-51AA-4C30-BD29-36AC3052081E}.Debug|iPhoneSimulator.Deploy.0 = Debug|Any CPU
		{632834AC-51AA-4C30-BD29-36AC3052081E}.Debug|x64.ActiveCfg = Debug|Any CPU
		{632834AC-51AA-4C30-BD29-36AC3052081E}.Debug|x64.Build.0 = Debug|Any CPU
		{632834AC-51AA-4C30-BD29-36AC3052081E}.Debug|x64.Deploy.0 = Debug|Any CPU
		{632834AC-51AA-4C30-BD29-36AC3052081E}.Debug|x86.ActiveCfg = Debug|Any CPU
		{632834AC-51AA-4C30-BD29-36AC3052081E}.Debug|x86.Build.0 = Debug|Any CPU
		{632834AC-51AA-4C30-BD29-36AC3052081E}.Debug|x86.Deploy.0 = Debug|Any CPU
		{632834AC-51AA-4C30-BD29-36AC3052081E}.Release|Any CPU.ActiveCfg = Release|Any CPU
		{632834AC-51AA-4C30-BD29-36AC3052081E}.Release|Any CPU.Build.0 = Release|Any CPU
		{632834AC-51AA-4C30-BD29-36AC3052081E}.Release|Any CPU.Deploy.0 = Release|Any CPU
		{632834AC-51AA-4C30-BD29-36AC3052081E}.Release|ARM.ActiveCfg = Release|Any CPU
		{632834AC-51AA-4C30-BD29-36AC3052081E}.Release|ARM.Build.0 = Release|Any CPU
		{632834AC-51AA-4C30-BD29-36AC3052081E}.Release|ARM.Deploy.0 = Release|Any CPU
		{632834AC-51AA-4C30-BD29-36AC3052081E}.Release|iPhone.ActiveCfg = Release|Any CPU
		{632834AC-51AA-4C30-BD29-36AC3052081E}.Release|iPhone.Build.0 = Release|Any CPU
		{632834AC-51AA-4C30-BD29-36AC3052081E}.Release|iPhone.Deploy.0 = Release|Any CPU
		{632834AC-51AA-4C30-BD29-36AC3052081E}.Release|iPhoneSimulator.ActiveCfg = Release|Any CPU
		{632834AC-51AA-4C30-BD29-36AC3052081E}.Release|iPhoneSimulator.Build.0 = Release|Any CPU
		{632834AC-51AA-4C30-BD29-36AC3052081E}.Release|iPhoneSimulator.Deploy.0 = Release|Any CPU
		{632834AC-51AA-4C30-BD29-36AC3052081E}.Release|x64.ActiveCfg = Release|Any CPU
		{632834AC-51AA-4C30-BD29-36AC3052081E}.Release|x64.Build.0 = Release|Any CPU
		{632834AC-51AA-4C30-BD29-36AC3052081E}.Release|x64.Deploy.0 = Release|Any CPU
		{632834AC-51AA-4C30-BD29-36AC3052081E}.Release|x86.ActiveCfg = Release|Any CPU
		{632834AC-51AA-4C30-BD29-36AC3052081E}.Release|x86.Build.0 = Release|Any CPU
		{632834AC-51AA-4C30-BD29-36AC3052081E}.Release|x86.Deploy.0 = Release|Any CPU
		{16F48103-2DFB-4149-AFE5-210964C016BC}.Ad-Hoc|Any CPU.ActiveCfg = Release|Any CPU
		{16F48103-2DFB-4149-AFE5-210964C016BC}.Ad-Hoc|Any CPU.Build.0 = Release|Any CPU
		{16F48103-2DFB-4149-AFE5-210964C016BC}.Ad-Hoc|ARM.ActiveCfg = Release|Any CPU
		{16F48103-2DFB-4149-AFE5-210964C016BC}.Ad-Hoc|ARM.Build.0 = Release|Any CPU
		{16F48103-2DFB-4149-AFE5-210964C016BC}.Ad-Hoc|iPhone.ActiveCfg = Release|Any CPU
		{16F48103-2DFB-4149-AFE5-210964C016BC}.Ad-Hoc|iPhone.Build.0 = Release|Any CPU
		{16F48103-2DFB-4149-AFE5-210964C016BC}.Ad-Hoc|iPhoneSimulator.ActiveCfg = Release|Any CPU
		{16F48103-2DFB-4149-AFE5-210964C016BC}.Ad-Hoc|iPhoneSimulator.Build.0 = Release|Any CPU
		{16F48103-2DFB-4149-AFE5-210964C016BC}.Ad-Hoc|x64.ActiveCfg = Release|Any CPU
		{16F48103-2DFB-4149-AFE5-210964C016BC}.Ad-Hoc|x64.Build.0 = Release|Any CPU
		{16F48103-2DFB-4149-AFE5-210964C016BC}.Ad-Hoc|x86.ActiveCfg = Release|Any CPU
		{16F48103-2DFB-4149-AFE5-210964C016BC}.Ad-Hoc|x86.Build.0 = Release|Any CPU
		{16F48103-2DFB-4149-AFE5-210964C016BC}.AppStore|Any CPU.ActiveCfg = Release|Any CPU
		{16F48103-2DFB-4149-AFE5-210964C016BC}.AppStore|Any CPU.Build.0 = Release|Any CPU
		{16F48103-2DFB-4149-AFE5-210964C016BC}.AppStore|ARM.ActiveCfg = Release|Any CPU
		{16F48103-2DFB-4149-AFE5-210964C016BC}.AppStore|ARM.Build.0 = Release|Any CPU
		{16F48103-2DFB-4149-AFE5-210964C016BC}.AppStore|iPhone.ActiveCfg = Release|Any CPU
		{16F48103-2DFB-4149-AFE5-210964C016BC}.AppStore|iPhone.Build.0 = Release|Any CPU
		{16F48103-2DFB-4149-AFE5-210964C016BC}.AppStore|iPhoneSimulator.ActiveCfg = Release|Any CPU
		{16F48103-2DFB-4149-AFE5-210964C016BC}.AppStore|iPhoneSimulator.Build.0 = Release|Any CPU
		{16F48103-2DFB-4149-AFE5-210964C016BC}.AppStore|x64.ActiveCfg = Release|Any CPU
		{16F48103-2DFB-4149-AFE5-210964C016BC}.AppStore|x64.Build.0 = Release|Any CPU
		{16F48103-2DFB-4149-AFE5-210964C016BC}.AppStore|x86.ActiveCfg = Release|Any CPU
		{16F48103-2DFB-4149-AFE5-210964C016BC}.AppStore|x86.Build.0 = Release|Any CPU
		{16F48103-2DFB-4149-AFE5-210964C016BC}.Debug|Any CPU.ActiveCfg = Debug|Any CPU
		{16F48103-2DFB-4149-AFE5-210964C016BC}.Debug|Any CPU.Build.0 = Debug|Any CPU
		{16F48103-2DFB-4149-AFE5-210964C016BC}.Debug|ARM.ActiveCfg = Debug|Any CPU
		{16F48103-2DFB-4149-AFE5-210964C016BC}.Debug|ARM.Build.0 = Debug|Any CPU
		{16F48103-2DFB-4149-AFE5-210964C016BC}.Debug|iPhone.ActiveCfg = Debug|Any CPU
		{16F48103-2DFB-4149-AFE5-210964C016BC}.Debug|iPhone.Build.0 = Debug|Any CPU
		{16F48103-2DFB-4149-AFE5-210964C016BC}.Debug|iPhoneSimulator.ActiveCfg = Debug|Any CPU
		{16F48103-2DFB-4149-AFE5-210964C016BC}.Debug|iPhoneSimulator.Build.0 = Debug|Any CPU
		{16F48103-2DFB-4149-AFE5-210964C016BC}.Debug|x64.ActiveCfg = Debug|Any CPU
		{16F48103-2DFB-4149-AFE5-210964C016BC}.Debug|x64.Build.0 = Debug|Any CPU
		{16F48103-2DFB-4149-AFE5-210964C016BC}.Debug|x86.ActiveCfg = Debug|Any CPU
		{16F48103-2DFB-4149-AFE5-210964C016BC}.Debug|x86.Build.0 = Debug|Any CPU
		{16F48103-2DFB-4149-AFE5-210964C016BC}.Release|Any CPU.ActiveCfg = Release|Any CPU
		{16F48103-2DFB-4149-AFE5-210964C016BC}.Release|Any CPU.Build.0 = Release|Any CPU
		{16F48103-2DFB-4149-AFE5-210964C016BC}.Release|ARM.ActiveCfg = Release|Any CPU
		{16F48103-2DFB-4149-AFE5-210964C016BC}.Release|ARM.Build.0 = Release|Any CPU
		{16F48103-2DFB-4149-AFE5-210964C016BC}.Release|iPhone.ActiveCfg = Release|Any CPU
		{16F48103-2DFB-4149-AFE5-210964C016BC}.Release|iPhone.Build.0 = Release|Any CPU
		{16F48103-2DFB-4149-AFE5-210964C016BC}.Release|iPhoneSimulator.ActiveCfg = Release|Any CPU
		{16F48103-2DFB-4149-AFE5-210964C016BC}.Release|iPhoneSimulator.Build.0 = Release|Any CPU
		{16F48103-2DFB-4149-AFE5-210964C016BC}.Release|x64.ActiveCfg = Release|Any CPU
		{16F48103-2DFB-4149-AFE5-210964C016BC}.Release|x64.Build.0 = Release|Any CPU
		{16F48103-2DFB-4149-AFE5-210964C016BC}.Release|x86.ActiveCfg = Release|Any CPU
		{16F48103-2DFB-4149-AFE5-210964C016BC}.Release|x86.Build.0 = Release|Any CPU
		{1950B75F-4692-40C3-8DB0-7B9E878295C1}.Ad-Hoc|Any CPU.ActiveCfg = Ad-Hoc|iPhoneSimulator
		{1950B75F-4692-40C3-8DB0-7B9E878295C1}.Ad-Hoc|ARM.ActiveCfg = Ad-Hoc|iPhone
		{1950B75F-4692-40C3-8DB0-7B9E878295C1}.Ad-Hoc|iPhone.ActiveCfg = Ad-Hoc|iPhone
		{1950B75F-4692-40C3-8DB0-7B9E878295C1}.Ad-Hoc|iPhone.Build.0 = Ad-Hoc|iPhone
		{1950B75F-4692-40C3-8DB0-7B9E878295C1}.Ad-Hoc|iPhoneSimulator.ActiveCfg = Ad-Hoc|iPhoneSimulator
		{1950B75F-4692-40C3-8DB0-7B9E878295C1}.Ad-Hoc|iPhoneSimulator.Build.0 = Ad-Hoc|iPhoneSimulator
		{1950B75F-4692-40C3-8DB0-7B9E878295C1}.Ad-Hoc|x64.ActiveCfg = Ad-Hoc|iPhone
		{1950B75F-4692-40C3-8DB0-7B9E878295C1}.Ad-Hoc|x86.ActiveCfg = Ad-Hoc|iPhone
		{1950B75F-4692-40C3-8DB0-7B9E878295C1}.AppStore|Any CPU.ActiveCfg = AppStore|iPhoneSimulator
		{1950B75F-4692-40C3-8DB0-7B9E878295C1}.AppStore|ARM.ActiveCfg = AppStore|iPhone
		{1950B75F-4692-40C3-8DB0-7B9E878295C1}.AppStore|iPhone.ActiveCfg = AppStore|iPhone
		{1950B75F-4692-40C3-8DB0-7B9E878295C1}.AppStore|iPhone.Build.0 = AppStore|iPhone
		{1950B75F-4692-40C3-8DB0-7B9E878295C1}.AppStore|iPhoneSimulator.ActiveCfg = AppStore|iPhoneSimulator
		{1950B75F-4692-40C3-8DB0-7B9E878295C1}.AppStore|iPhoneSimulator.Build.0 = AppStore|iPhoneSimulator
		{1950B75F-4692-40C3-8DB0-7B9E878295C1}.AppStore|x64.ActiveCfg = AppStore|iPhone
		{1950B75F-4692-40C3-8DB0-7B9E878295C1}.AppStore|x86.ActiveCfg = AppStore|iPhone
		{1950B75F-4692-40C3-8DB0-7B9E878295C1}.Debug|Any CPU.ActiveCfg = Debug|iPhoneSimulator
		{1950B75F-4692-40C3-8DB0-7B9E878295C1}.Debug|ARM.ActiveCfg = Debug|iPhone
		{1950B75F-4692-40C3-8DB0-7B9E878295C1}.Debug|iPhone.ActiveCfg = Debug|iPhone
		{1950B75F-4692-40C3-8DB0-7B9E878295C1}.Debug|iPhone.Build.0 = Debug|iPhone
		{1950B75F-4692-40C3-8DB0-7B9E878295C1}.Debug|iPhoneSimulator.ActiveCfg = Debug|iPhoneSimulator
		{1950B75F-4692-40C3-8DB0-7B9E878295C1}.Debug|iPhoneSimulator.Build.0 = Debug|iPhoneSimulator
		{1950B75F-4692-40C3-8DB0-7B9E878295C1}.Debug|x64.ActiveCfg = Debug|iPhone
		{1950B75F-4692-40C3-8DB0-7B9E878295C1}.Debug|x86.ActiveCfg = Debug|iPhone
		{1950B75F-4692-40C3-8DB0-7B9E878295C1}.Release|Any CPU.ActiveCfg = Release|iPhoneSimulator
		{1950B75F-4692-40C3-8DB0-7B9E878295C1}.Release|ARM.ActiveCfg = Release|iPhone
		{1950B75F-4692-40C3-8DB0-7B9E878295C1}.Release|iPhone.ActiveCfg = Release|iPhone
		{1950B75F-4692-40C3-8DB0-7B9E878295C1}.Release|iPhone.Build.0 = Release|iPhone
		{1950B75F-4692-40C3-8DB0-7B9E878295C1}.Release|iPhoneSimulator.ActiveCfg = Release|iPhoneSimulator
		{1950B75F-4692-40C3-8DB0-7B9E878295C1}.Release|iPhoneSimulator.Build.0 = Release|iPhoneSimulator
		{1950B75F-4692-40C3-8DB0-7B9E878295C1}.Release|x64.ActiveCfg = Release|iPhone
		{1950B75F-4692-40C3-8DB0-7B9E878295C1}.Release|x86.ActiveCfg = Release|iPhone
	EndGlobalSection
	GlobalSection(SolutionProperties) = preSolution
		HideSolutionNode = FALSE
	EndGlobalSection
	GlobalSection(ExtensibilityGlobals) = postSolution
		SolutionGuid = {5177859D-C835-4DAD-8FB8-3BA8D482971A}
	EndGlobalSection
EndGlobal
